PODS:
  - BothamUI (2.0.0)
  - FBSnapshotTestCase (2.1.4):
    - FBSnapshotTestCase/SwiftSupport (= 2.1.4)
  - FBSnapshotTestCase/Core (2.1.4)
  - FBSnapshotTestCase/SwiftSupport (2.1.4):
    - FBSnapshotTestCase/Core
  - KIF (3.5.1):
    - KIF/Core (= 3.5.1)
  - KIF/Core (3.5.1)
  - Result (3.2.1)
  - SDWebImage (3.8.2):
    - SDWebImage/Core (= 3.8.2)
  - SDWebImage/Core (3.8.2)

DEPENDENCIES:
  - BothamUI (~> 2.0)
  - FBSnapshotTestCase
  - KIF (~> 3.0)
  - Result
  - SDWebImage

SPEC CHECKSUMS:
  BothamUI: 5d1073124d4b14e32868a3eeb37509f1e8a73638
  FBSnapshotTestCase: 094f9f314decbabe373b87cc339bea235a63e07a
  KIF: 082eb65279e51c3092923802849eb796a04982ab
  Result: 2453a22e5c5b11c0c3a478736e82cd02f763b781
  SDWebImage: 098e97e6176540799c27e804c96653ee0833d13c

PODFILE CHECKSUM: 58bbb4d40671dfbc00535b7ff14089ee8ce8f490

COCOAPODS: 1.2.0
